<Solution>
  <Project Path="BlazorSoftwareSecu/BlazorSoftwareSecu.csproj" />
  <Project Path="SoftwareSecu_Api/SoftwareSecu_Api.csproj" Id="b729adda-bfd9-4043-819a-b1b36c11982b" />
  <Project Path="SoftwareSecu_TestProject/SoftwareSecu_TestProject.csproj" Id="0a371fcd-415a-49ca-9e3f-0ec1d46943dc" />
</Solution>
